// !$*UTF8*$!
{
	archiveVersion = 1;
	classes = {
	};
	objectVersion = 56;
	objects = {

/* Begin PBXBuildFile section */
		FBD8CFCB2AA7CF40004965AB /* Jamf_Return_To_ServiceApp.swift in Sources */ = {isa = PBXBuildFile; fileRef = FBD8CFCA2AA7CF40004965AB /* Jamf_Return_To_ServiceApp.swift */; };
		FBD8CFCD2AA7CF40004965AB /* ContentView.swift in Sources */ = {isa = PBXBuildFile; fileRef = FBD8CFCC2AA7CF40004965AB /* ContentView.swift */; };
		FBD8CFCF2AA7CF40004965AB /* Assets.xcassets in Resources */ = {isa = PBXBuildFile; fileRef = FBD8CFCE2AA7CF40004965AB /* Assets.xcassets */; };
		FBD8CFD22AA7CF40004965AB /* Preview Assets.xcassets in Resources */ = {isa = PBXBuildFile; fileRef = FBD8CFD12AA7CF40004965AB /* Preview Assets.xcassets */; };
		FBD8CFDA2AA7CF68004965AB /* SettingsView.swift in Sources */ = {isa = PBXBuildFile; fileRef = FBD8CFD92AA7CF68004965AB /* SettingsView.swift */; };
		FBD8CFDC2AA7CFA8004965AB /* Keychain.swift in Sources */ = {isa = PBXBuildFile; fileRef = FBD8CFDB2AA7CFA8004965AB /* Keychain.swift */; };
		FBD8CFDE2AA7CFBD004965AB /* JamfProApi.swift in Sources */ = {isa = PBXBuildFile; fileRef = FBD8CFDD2AA7CFBD004965AB /* JamfProApi.swift */; };
		FBD8CFE02AA7CFD8004965AB /* Logger.swift in Sources */ = {isa = PBXBuildFile; fileRef = FBD8CFDF2AA7CFD8004965AB /* Logger.swift */; };
		FBD8CFE22AA7DEF1004965AB /* Models.swift in Sources */ = {isa = PBXBuildFile; fileRef = FBD8CFE12AA7DEF1004965AB /* Models.swift */; };
/* End PBXBuildFile section */

/* Begin PBXFileReference section */
		FBD8CFC72AA7CF40004965AB /* Jamf Return To Service.app */ = {isa = PBXFileReference; explicitFileType = wrapper.application; includeInIndex = 0; path = "Jamf Return To Service.app"; sourceTree = BUILT_PRODUCTS_DIR; };
		FBD8CFCA2AA7CF40004965AB /* Jamf_Return_To_ServiceApp.swift */ = {isa = PBXFileReference; lastKnownFileType = sourcecode.swift; path = Jamf_Return_To_ServiceApp.swift; sourceTree = "<group>"; };
		FBD8CFCC2AA7CF40004965AB /* ContentView.swift */ = {isa = PBXFileReference; lastKnownFileType = sourcecode.swift; path = ContentView.swift; sourceTree = "<group>"; };
		FBD8CFCE2AA7CF40004965AB /* Assets.xcassets */ = {isa = PBXFileReference; lastKnownFileType = folder.assetcatalog; path = Assets.xcassets; sourceTree = "<group>"; };
		FBD8CFD12AA7CF40004965AB /* Preview Assets.xcassets */ = {isa = PBXFileReference; lastKnownFileType = folder.assetcatalog; path = "Preview Assets.xcassets"; sourceTree = "<group>"; };
		FBD8CFD32AA7CF40004965AB /* Jamf_Return_To_Service.entitlements */ = {isa = PBXFileReference; lastKnownFileType = text.plist.entitlements; path = Jamf_Return_To_Service.entitlements; sourceTree = "<group>"; };
		FBD8CFD92AA7CF68004965AB /* SettingsView.swift */ = {isa = PBXFileReference; lastKnownFileType = sourcecode.swift; path = SettingsView.swift; sourceTree = "<group>"; };
		FBD8CFDB2AA7CFA8004965AB /* Keychain.swift */ = {isa = PBXFileReference; lastKnownFileType = sourcecode.swift; path = Keychain.swift; sourceTree = "<group>"; };
		FBD8CFDD2AA7CFBD004965AB /* JamfProApi.swift */ = {isa = PBXFileReference; lastKnownFileType = sourcecode.swift; path = JamfProApi.swift; sourceTree = "<group>"; };
		FBD8CFDF2AA7CFD8004965AB /* Logger.swift */ = {isa = PBXFileReference; lastKnownFileType = sourcecode.swift; path = Logger.swift; sourceTree = "<group>"; };
		FBD8CFE12AA7DEF1004965AB /* Models.swift */ = {isa = PBXFileReference; lastKnownFileType = sourcecode.swift; path = Models.swift; sourceTree = "<group>"; };
/* End PBXFileReference section */

/* Begin PBXFrameworksBuildPhase section */
		FBD8CFC42AA7CF40004965AB /* Frameworks */ = {
			isa = PBXFrameworksBuildPhase;
			buildActionMask = 2147483647;
			files = (
			);
			runOnlyForDeploymentPostprocessing = 0;
		};
/* End PBXFrameworksBuildPhase section */

/* Begin PBXGroup section */
		FBD8CFBE2AA7CF40004965AB = {
			isa = PBXGroup;
			children = (
				FBD8CFC92AA7CF40004965AB /* Jamf Return To Service */,
				FBD8CFC82AA7CF40004965AB /* Products */,
			);
			sourceTree = "<group>";
		};
		FBD8CFC82AA7CF40004965AB /* Products */ = {
			isa = PBXGroup;
			children = (
				FBD8CFC72AA7CF40004965AB /* Jamf Return To Service.app */,
			);
			name = Products;
			sourceTree = "<group>";
		};
		FBD8CFC92AA7CF40004965AB /* Jamf Return To Service */ = {
			isa = PBXGroup;
			children = (
				FBD8CFCA2AA7CF40004965AB /* Jamf_Return_To_ServiceApp.swift */,
				FBD8CFCC2AA7CF40004965AB /* ContentView.swift */,
				FBD8CFCE2AA7CF40004965AB /* Assets.xcassets */,
				FBD8CFD32AA7CF40004965AB /* Jamf_Return_To_Service.entitlements */,
				FBD8CFD02AA7CF40004965AB /* Preview Content */,
				FBD8CFD92AA7CF68004965AB /* SettingsView.swift */,
				FBD8CFDB2AA7CFA8004965AB /* Keychain.swift */,
				FBD8CFDD2AA7CFBD004965AB /* JamfProApi.swift */,
				FBD8CFE12AA7DEF1004965AB /* Models.swift */,
				FBD8CFDF2AA7CFD8004965AB /* Logger.swift */,
			);
			path = "Jamf Return To Service";
			sourceTree = "<group>";
		};
		FBD8CFD02AA7CF40004965AB /* Preview Content */ = {
			isa = PBXGroup;
			children = (
				FBD8CFD12AA7CF40004965AB /* Preview Assets.xcassets */,
			);
			path = "Preview Content";
			sourceTree = "<group>";
		};
/* End PBXGroup section */

/* Begin PBXNativeTarget section */
		FBD8CFC62AA7CF40004965AB /* Jamf Return To Service */ = {
			isa = PBXNativeTarget;
			buildConfigurationList = FBD8CFD62AA7CF40004965AB /* Build configuration list for PBXNativeTarget "Jamf Return To Service" */;
			buildPhases = (
				FBD8CFC32AA7CF40004965AB /* Sources */,
				FBD8CFC42AA7CF40004965AB /* Frameworks */,
				FBD8CFC52AA7CF40004965AB /* Resources */,
			);
			buildRules = (
			);
			dependencies = (
			);
			name = "Jamf Return To Service";
			productName = "Jamf Return To Service";
			productReference = FBD8CFC72AA7CF40004965AB /* Jamf Return To Service.app */;
			productType = "com.apple.product-type.application";
		};
/* End PBXNativeTarget section */

/* Begin PBXProject section */
		FBD8CFBF2AA7CF40004965AB /* Project object */ = {
			isa = PBXProject;
			attributes = {
				BuildIndependentTargetsInParallel = 1;
				LastSwiftUpdateCheck = 1430;
				LastUpgradeCheck = 1430;
				TargetAttributes = {
					FBD8CFC62AA7CF40004965AB = {
						CreatedOnToolsVersion = 14.3.1;
					};
				};
			};
			buildConfigurationList = FBD8CFC22AA7CF40004965AB /* Build configuration list for PBXProject "Jamf Return To Service" */;
			compatibilityVersion = "Xcode 14.0";
			developmentRegion = en;
			hasScannedForEncodings = 0;
			knownRegions = (
				en,
				Base,
			);
			mainGroup = FBD8CFBE2AA7CF40004965AB;
			productRefGroup = FBD8CFC82AA7CF40004965AB /* Products */;
			projectDirPath = "";
			projectRoot = "";
			targets = (
				FBD8CFC62AA7CF40004965AB /* Jamf Return To Service */,
			);
		};
/* End PBXProject section */

/* Begin PBXResourcesBuildPhase section */
		FBD8CFC52AA7CF40004965AB /* Resources */ = {
			isa = PBXResourcesBuildPhase;
			buildActionMask = 2147483647;
			files = (
				FBD8CFD22AA7CF40004965AB /* Preview Assets.xcassets in Resources */,
				FBD8CFCF2AA7CF40004965AB /* Assets.xcassets in Resources */,
			);
			runOnlyForDeploymentPostprocessing = 0;
		};
/* End PBXResourcesBuildPhase section */

/* Begin PBXSourcesBuildPhase section */
		FBD8CFC32AA7CF40004965AB /* Sources */ = {
			isa = PBXSourcesBuildPhase;
			buildActionMask = 2147483647;
			files = (
				FBD8CFDA2AA7CF68004965AB /* SettingsView.swift in Sources */,
				FBD8CFE02AA7CFD8004965AB /* Logger.swift in Sources */,
				FBD8CFDC2AA7CFA8004965AB /* Keychain.swift in Sources */,
				FBD8CFDE2AA7CFBD004965AB /* JamfProApi.swift in Sources */,
				FBD8CFCD2AA7CF40004965AB /* ContentView.swift in Sources */,
				FBD8CFCB2AA7CF40004965AB /* Jamf_Return_To_ServiceApp.swift in Sources */,
				FBD8CFE22AA7DEF1004965AB /* Models.swift in Sources */,
			);
			runOnlyForDeploymentPostprocessing = 0;
		};
/* End PBXSourcesBuildPhase section */

/* Begin XCBuildConfiguration section */
		FBD8CFD42AA7CF40004965AB /* Debug */ = {
			isa = XCBuildConfiguration;
			buildSettings = {
				ALWAYS_SEARCH_USER_PATHS = NO;
				CLANG_ANALYZER_NONNULL = YES;
				CLANG_ANALYZER_NUMBER_OBJECT_CONVERSION = YES_AGGRESSIVE;
				CLANG_CXX_LANGUAGE_STANDARD = "gnu++20";
				CLANG_ENABLE_MODULES = YES;
				CLANG_ENABLE_OBJC_ARC = YES;
				CLANG_ENABLE_OBJC_WEAK = YES;
				CLANG_WARN_BLOCK_CAPTURE_AUTORELEASING = YES;
				CLANG_WARN_BOOL_CONVERSION = YES;
				CLANG_WARN_COMMA = YES;
				CLANG_WARN_CONSTANT_CONVERSION = YES;
				CLANG_WARN_DEPRECATED_OBJC_IMPLEMENTATIONS = YES;
				CLANG_WARN_DIRECT_OBJC_ISA_USAGE = YES_ERROR;
				CLANG_WARN_DOCUMENTATION_COMMENTS = YES;
				CLANG_WARN_EMPTY_BODY = YES;
				CLANG_WARN_ENUM_CONVERSION = YES;
				CLANG_WARN_INFINITE_RECURSION = YES;
				CLANG_WARN_INT_CONVERSION = YES;
				CLANG_WARN_NON_LITERAL_NULL_CONVERSION = YES;
				CLANG_WARN_OBJC_IMPLICIT_RETAIN_SELF = YES;
				CLANG_WARN_OBJC_LITERAL_CONVERSION = YES;
				CLANG_WARN_OBJC_ROOT_CLASS = YES_ERROR;
				CLANG_WARN_QUOTED_INCLUDE_IN_FRAMEWORK_HEADER = YES;
				CLANG_WARN_RANGE_LOOP_ANALYSIS = YES;
				CLANG_WARN_STRICT_PROTOTYPES = YES;
				CLANG_WARN_SUSPICIOUS_MOVE = YES;
				CLANG_WARN_UNGUARDED_AVAILABILITY = YES_AGGRESSIVE;
				CLANG_WARN_UNREACHABLE_CODE = YES;
				CLANG_WARN__DUPLICATE_METHOD_MATCH = YES;
				COPY_PHASE_STRIP = NO;
				DEBUG_INFORMATION_FORMAT = dwarf;
				ENABLE_STRICT_OBJC_MSGSEND = YES;
				ENABLE_TESTABILITY = YES;
				GCC_C_LANGUAGE_STANDARD = gnu11;
				GCC_DYNAMIC_NO_PIC = NO;
				GCC_NO_COMMON_BLOCKS = YES;
				GCC_OPTIMIZATION_LEVEL = 0;
				GCC_PREPROCESSOR_DEFINITIONS = (
					"DEBUG=1",
					"$(inherited)",
				);
				GCC_WARN_64_TO_32_BIT_CONVERSION = YES;
				GCC_WARN_ABOUT_RETURN_TYPE = YES_ERROR;
				GCC_WARN_UNDECLARED_SELECTOR = YES;
				GCC_WARN_UNINITIALIZED_AUTOS = YES_AGGRESSIVE;
				GCC_WARN_UNUSED_FUNCTION = YES;
				GCC_WARN_UNUSED_VARIABLE = YES;
				MACOSX_DEPLOYMENT_TARGET = 13.3;
				MTL_ENABLE_DEBUG_INFO = INCLUDE_SOURCE;
				MTL_FAST_MATH = YES;
				ONLY_ACTIVE_ARCH = YES;
				SDKROOT = macosx;
				SWIFT_ACTIVE_COMPILATION_CONDITIONS = DEBUG;
				SWIFT_OPTIMIZATION_LEVEL = "-Onone";
			};
			name = Debug;
		};
		FBD8CFD52AA7CF40004965AB /* Release */ = {
			isa = XCBuildConfiguration;
			buildSettings = {
				ALWAYS_SEARCH_USER_PATHS = NO;
				CLANG_ANALYZER_NONNULL = YES;
				CLANG_ANALYZER_NUMBER_OBJECT_CONVERSION = YES_AGGRESSIVE;
				CLANG_CXX_LANGUAGE_STANDARD = "gnu++20";
				CLANG_ENABLE_MODULES = YES;
				CLANG_ENABLE_OBJC_ARC = YES;
				CLANG_ENABLE_OBJC_WEAK = YES;
				CLANG_WARN_BLOCK_CAPTURE_AUTORELEASING = YES;
				CLANG_WARN_BOOL_CONVERSION = YES;
				CLANG_WARN_COMMA = YES;
				CLANG_WARN_CONSTANT_CONVERSION = YES;
				CLANG_WARN_DEPRECATED_OBJC_IMPLEMENTATIONS = YES;
				CLANG_WARN_DIRECT_OBJC_ISA_USAGE = YES_ERROR;
				CLANG_WARN_DOCUMENTATION_COMMENTS = YES;
				CLANG_WARN_EMPTY_BODY = YES;
				CLANG_WARN_ENUM_CONVERSION = YES;
				CLANG_WARN_INFINITE_RECURSION = YES;
				CLANG_WARN_INT_CONVERSION = YES;
				CLANG_WARN_NON_LITERAL_NULL_CONVERSION = YES;
				CLANG_WARN_OBJC_IMPLICIT_RETAIN_SELF = YES;
				CLANG_WARN_OBJC_LITERAL_CONVERSION = YES;
				CLANG_WARN_OBJC_ROOT_CLASS = YES_ERROR;
				CLANG_WARN_QUOTED_INCLUDE_IN_FRAMEWORK_HEADER = YES;
				CLANG_WARN_RANGE_LOOP_ANALYSIS = YES;
				CLANG_WARN_STRICT_PROTOTYPES = YES;
				CLANG_WARN_SUSPICIOUS_MOVE = YES;
				CLANG_WARN_UNGUARDED_AVAILABILITY = YES_AGGRESSIVE;
				CLANG_WARN_UNREACHABLE_CODE = YES;
				CLANG_WARN__DUPLICATE_METHOD_MATCH = YES;
				COPY_PHASE_STRIP = NO;
				DEBUG_INFORMATION_FORMAT = "dwarf-with-dsym";
				ENABLE_NS_ASSERTIONS = NO;
				ENABLE_STRICT_OBJC_MSGSEND = YES;
				GCC_C_LANGUAGE_STANDARD = gnu11;
				GCC_NO_COMMON_BLOCKS = YES;
				GCC_WARN_64_TO_32_BIT_CONVERSION = YES;
				GCC_WARN_ABOUT_RETURN_TYPE = YES_ERROR;
				GCC_WARN_UNDECLARED_SELECTOR = YES;
				GCC_WARN_UNINITIALIZED_AUTOS = YES_AGGRESSIVE;
				GCC_WARN_UNUSED_FUNCTION = YES;
				GCC_WARN_UNUSED_VARIABLE = YES;
				MACOSX_DEPLOYMENT_TARGET = 13.3;
				MTL_ENABLE_DEBUG_INFO = NO;
				MTL_FAST_MATH = YES;
				SDKROOT = macosx;
				SWIFT_COMPILATION_MODE = wholemodule;
				SWIFT_OPTIMIZATION_LEVEL = "-O";
			};
			name = Release;
		};
		FBD8CFD72AA7CF40004965AB /* Debug */ = {
			isa = XCBuildConfiguration;
			buildSettings = {
				ASSETCATALOG_COMPILER_APPICON_NAME = AppIcon;
				ASSETCATALOG_COMPILER_GLOBAL_ACCENT_COLOR_NAME = AccentColor;
				CODE_SIGN_ENTITLEMENTS = "Jamf Return To Service/Jamf_Return_To_Service.entitlements";
				CODE_SIGN_STYLE = Automatic;
				COMBINE_HIDPI_IMAGES = YES;
				CURRENT_PROJECT_VERSION = 35;
				DEVELOPMENT_ASSET_PATHS = "\"Jamf Return To Service/Preview Content\"";
				DEVELOPMENT_TEAM = VR4GB7TBDP;
				ENABLE_HARDENED_RUNTIME = YES;
				ENABLE_PREVIEWS = YES;
				GENERATE_INFOPLIST_FILE = YES;
				INFOPLIST_KEY_LSApplicationCategoryType = "public.app-category.utilities";
				INFOPLIST_KEY_NSHumanReadableCopyright = "";
				LD_RUNPATH_SEARCH_PATHS = (
					"$(inherited)",
					"@executable_path/../Frameworks",
				);
				MACOSX_DEPLOYMENT_TARGET = 13.0;
				MARKETING_VERSION = 0.9.5;
				PRODUCT_BUNDLE_IDENTIFIER = "uk.co.mallion.jamf-return-to-service";
				PRODUCT_NAME = "$(TARGET_NAME)";
				SWIFT_EMIT_LOC_STRINGS = YES;
				SWIFT_VERSION = 5.0;
			};
			name = Debug;
		};
		FBD8CFD82AA7CF40004965AB /* Release */ = {
			isa = XCBuildConfiguration;
			buildSettings = {
				ASSETCATALOG_COMPILER_APPICON_NAME = AppIcon;
				ASSETCATALOG_COMPILER_GLOBAL_ACCENT_COLOR_NAME = AccentColor;
				CODE_SIGN_ENTITLEMENTS = "Jamf Return To Service/Jamf_Return_To_Service.entitlements";
				CODE_SIGN_STYLE = Automatic;
				COMBINE_HIDPI_IMAGES = YES;
				CURRENT_PROJECT_VERSION = 35;
				DEVELOPMENT_ASSET_PATHS = "\"Jamf Return To Service/Preview Content\"";
				DEVELOPMENT_TEAM = VR4GB7TBDP;
				ENABLE_HARDENED_RUNTIME = YES;
				ENABLE_PREVIEWS = YES;
				GENERATE_INFOPLIST_FILE = YES;
				INFOPLIST_KEY_LSApplicationCategoryType = "public.app-category.utilities";
				INFOPLIST_KEY_NSHumanReadableCopyright = "";
				LD_RUNPATH_SEARCH_PATHS = (
					"$(inherited)",
					"@executable_path/../Frameworks",
				);
				MACOSX_DEPLOYMENT_TARGET = 13.0;
				MARKETING_VERSION = 0.9.5;
				PRODUCT_BUNDLE_IDENTIFIER = "uk.co.mallion.jamf-return-to-service";
				PRODUCT_NAME = "$(TARGET_NAME)";
				SWIFT_EMIT_LOC_STRINGS = YES;
				SWIFT_VERSION = 5.0;
			};
			name = Release;
		};
/* End XCBuildConfiguration section */

/* Begin XCConfigurationList section */
		FBD8CFC22AA7CF40004965AB /* Build configuration list for PBXProject "Jamf Return To Service" */ = {
			isa = XCConfigurationList;
			buildConfigurations = (
				FBD8CFD42AA7CF40004965AB /* Debug */,
				FBD8CFD52AA7CF40004965AB /* Release */,
			);
			defaultConfigurationIsVisible = 0;
			defaultConfigurationName = Release;
		};
		FBD8CFD62AA7CF40004965AB /* Build configuration list for PBXNativeTarget "Jamf Return To Service" */ = {
			isa = XCConfigurationList;
			buildConfigurations = (
				FBD8CFD72AA7CF40004965AB /* Debug */,
				FBD8CFD82AA7CF40004965AB /* Release */,
			);
			defaultConfigurationIsVisible = 0;
			defaultConfigurationName = Release;
		};
/* End XCConfigurationList section */
	};
	rootObject = FBD8CFBF2AA7CF40004965AB /* Project object */;
}
